
Microsoft Visual Studio Solution File, Format Version 12.00
# Visual Studio 15
VisualStudioVersion = 15.0.27130.2036
MinimumVisualStudioVersion = 10.0.40219.1
Project("{FAE04EC0-301F-11D3-BF4B-00C04F79EFBC}") = "WcfServiceLibrary1", "WcfServiceLibrary1\WcfServiceLibrary1.csproj", "{FA26D34B-E5EE-424A-8949-0A3F7178D87F}"
EndProject
Project("{FAE04EC0-301F-11D3-BF4B-00C04F79EFBC}") = "Client", "Client\Client.csproj", "{5A9C71F6-68EB-410C-8DCB-52D8511758F4}"
	ProjectSection(ProjectDependencies) = postProject
		{FA26D34B-E5EE-424A-8949-0A3F7178D87F} = {FA26D34B-E5EE-424A-8949-0A3F7178D87F}
	EndProjectSection
EndProject
Project("{FAE04EC0-301F-11D3-BF4B-00C04F79EFBC}") = "ConsoleHost", "ConsoleHost\ConsoleHost.csproj", "{39CFCFB2-6ED6-41BA-9B3F-9AD7BCDAADF2}"
EndProject
Project("{FAE04EC0-301F-11D3-BF4B-00C04F79EFBC}") = "ClientOfConsoleHostFactoryChannel", "ClientOfConsoleHost\ClientOfConsoleHostFactoryChannel.csproj", "{585FC19A-60DB-4953-BB34-9D01FE99B04D}"
	ProjectSection(ProjectDependencies) = postProject
		{FA26D34B-E5EE-424A-8949-0A3F7178D87F} = {FA26D34B-E5EE-424A-8949-0A3F7178D87F}
	EndProjectSection
EndProject
Project("{FAE04EC0-301F-11D3-BF4B-00C04F79EFBC}") = "ClientOfConsoleHostUseClient", "ClientOfConsoleHostUseClient\ClientOfConsoleHostUseClient.csproj", "{A517AED5-ABB2-4AEB-B030-F29AF0ED728A}"
EndProject
Global
	GlobalSection(SolutionConfigurationPlatforms) = preSolution
		Debug|Any CPU = Debug|Any CPU
		Release|Any CPU = Release|Any CPU
	EndGlobalSection
	GlobalSection(ProjectConfigurationPlatforms) = postSolution
		{FA26D34B-E5EE-424A-8949-0A3F7178D87F}.Debug|Any CPU.ActiveCfg = Debug|Any CPU
		{FA26D34B-E5EE-424A-8949-0A3F7178D87F}.Debug|Any CPU.Build.0 = Debug|Any CPU
		{FA26D34B-E5EE-424A-8949-0A3F7178D87F}.Release|Any CPU.ActiveCfg = Release|Any CPU
		{FA26D34B-E5EE-424A-8949-0A3F7178D87F}.Release|Any CPU.Build.0 = Release|Any CPU
		{5A9C71F6-68EB-410C-8DCB-52D8511758F4}.Debug|Any CPU.ActiveCfg = Debug|Any CPU
		{5A9C71F6-68EB-410C-8DCB-52D8511758F4}.Debug|Any CPU.Build.0 = Debug|Any CPU
		{5A9C71F6-68EB-410C-8DCB-52D8511758F4}.Release|Any CPU.ActiveCfg = Release|Any CPU
		{5A9C71F6-68EB-410C-8DCB-52D8511758F4}.Release|Any CPU.Build.0 = Release|Any CPU
		{39CFCFB2-6ED6-41BA-9B3F-9AD7BCDAADF2}.Debug|Any CPU.ActiveCfg = Debug|Any CPU
		{39CFCFB2-6ED6-41BA-9B3F-9AD7BCDAADF2}.Debug|Any CPU.Build.0 = Debug|Any CPU
		{39CFCFB2-6ED6-41BA-9B3F-9AD7BCDAADF2}.Release|Any CPU.ActiveCfg = Release|Any CPU
		{39CFCFB2-6ED6-41BA-9B3F-9AD7BCDAADF2}.Release|Any CPU.Build.0 = Release|Any CPU
		{585FC19A-60DB-4953-BB34-9D01FE99B04D}.Debug|Any CPU.ActiveCfg = Debug|Any CPU
		{585FC19A-60DB-4953-BB34-9D01FE99B04D}.Debug|Any CPU.Build.0 = Debug|Any CPU
		{585FC19A-60DB-4953-BB34-9D01FE99B04D}.Release|Any CPU.ActiveCfg = Release|Any CPU
		{585FC19A-60DB-4953-BB34-9D01FE99B04D}.Release|Any CPU.Build.0 = Release|Any CPU
		{A517AED5-ABB2-4AEB-B030-F29AF0ED728A}.Debug|Any CPU.ActiveCfg = Debug|Any CPU
		{A517AED5-ABB2-4AEB-B030-F29AF0ED728A}.Debug|Any CPU.Build.0 = Debug|Any CPU
		{A517AED5-ABB2-4AEB-B030-F29AF0ED728A}.Release|Any CPU.ActiveCfg = Release|Any CPU
		{A517AED5-ABB2-4AEB-B030-F29AF0ED728A}.Release|Any CPU.Build.0 = Release|Any CPU
	EndGlobalSection
	GlobalSection(SolutionProperties) = preSolution
		HideSolutionNode = FALSE
	EndGlobalSection
	GlobalSection(ExtensibilityGlobals) = postSolution
		SolutionGuid = {AB1180A3-71DB-4251-A4C4-F6C4F5C660CB}
	EndGlobalSection
EndGlobal
